
Microsoft Visual Studio Solution File, Format Version 12.00
# Visual Studio Version 17
VisualStudioVersion = 17.6.33723.286
MinimumVisualStudioVersion = 10.0.40219.1
Project("{9A19103F-16F7-4668-BE54-9A1E7A4F7556}") = "Entities", "Entities\Entities.csproj", "{DFAC1815-BEFB-47E2-88BE-AFB5D254FE25}"
EndProject
Project("{9A19103F-16F7-4668-BE54-9A1E7A4F7556}") = "DataAccess", "DataAccess\DataAccess.csproj", "{9F7FE4F2-3613-44C5-8D5F-0C4F7A751BD3}"
EndProject
Project("{9A19103F-16F7-4668-BE54-9A1E7A4F7556}") = "ConsoleUI", "Console\ConsoleUI.csproj", "{B5F3BA96-CCC3-4D3E-AB00-2DC0A339E5A5}"
EndProject
Project("{9A19103F-16F7-4668-BE54-9A1E7A4F7556}") = "Business", "Business\Business.csproj", "{BB3EA844-40FD-4C06-88E6-73273C6255EF}"
EndProject
Project("{FAE04EC0-301F-11D3-BF4B-00C04F79EFBC}") = "Core", "Core\Core.csproj", "{203379EA-CC73-4A8C-A19E-DCC292DCA8B5}"
EndProject
Global
	GlobalSection(SolutionConfigurationPlatforms) = preSolution
		Debug|Any CPU = Debug|Any CPU
		Release|Any CPU = Release|Any CPU
	EndGlobalSection
	GlobalSection(ProjectConfigurationPlatforms) = postSolution
		{DFAC1815-BEFB-47E2-88BE-AFB5D254FE25}.Debug|Any CPU.ActiveCfg = Debug|Any CPU
		{DFAC1815-BEFB-47E2-88BE-AFB5D254FE25}.Debug|Any CPU.Build.0 = Debug|Any CPU
		{DFAC1815-BEFB-47E2-88BE-AFB5D254FE25}.Release|Any CPU.ActiveCfg = Release|Any CPU
		{DFAC1815-BEFB-47E2-88BE-AFB5D254FE25}.Release|Any CPU.Build.0 = Release|Any CPU
		{9F7FE4F2-3613-44C5-8D5F-0C4F7A751BD3}.Debug|Any CPU.ActiveCfg = Debug|Any CPU
		{9F7FE4F2-3613-44C5-8D5F-0C4F7A751BD3}.Debug|Any CPU.Build.0 = Debug|Any CPU
		{9F7FE4F2-3613-44C5-8D5F-0C4F7A751BD3}.Release|Any CPU.ActiveCfg = Release|Any CPU
		{9F7FE4F2-3613-44C5-8D5F-0C4F7A751BD3}.Release|Any CPU.Build.0 = Release|Any CPU
		{B5F3BA96-CCC3-4D3E-AB00-2DC0A339E5A5}.Debug|Any CPU.ActiveCfg = Debug|Any CPU
		{B5F3BA96-CCC3-4D3E-AB00-2DC0A339E5A5}.Debug|Any CPU.Build.0 = Debug|Any CPU
		{B5F3BA96-CCC3-4D3E-AB00-2DC0A339E5A5}.Release|Any CPU.ActiveCfg = Release|Any CPU
		{B5F3BA96-CCC3-4D3E-AB00-2DC0A339E5A5}.Release|Any CPU.Build.0 = Release|Any CPU
		{BB3EA844-40FD-4C06-88E6-73273C6255EF}.Debug|Any CPU.ActiveCfg = Debug|Any CPU
		{BB3EA844-40FD-4C06-88E6-73273C6255EF}.Debug|Any CPU.Build.0 = Debug|Any CPU
		{BB3EA844-40FD-4C06-88E6-73273C6255EF}.Release|Any CPU.ActiveCfg = Release|Any CPU
		{BB3EA844-40FD-4C06-88E6-73273C6255EF}.Release|Any CPU.Build.0 = Release|Any CPU
		{203379EA-CC73-4A8C-A19E-DCC292DCA8B5}.Debug|Any CPU.ActiveCfg = Debug|Any CPU
		{203379EA-CC73-4A8C-A19E-DCC292DCA8B5}.Debug|Any CPU.Build.0 = Debug|Any CPU
		{203379EA-CC73-4A8C-A19E-DCC292DCA8B5}.Release|Any CPU.ActiveCfg = Release|Any CPU
		{203379EA-CC73-4A8C-A19E-DCC292DCA8B5}.Release|Any CPU.Build.0 = Release|Any CPU
	EndGlobalSection
	GlobalSection(SolutionProperties) = preSolution
		HideSolutionNode = FALSE
	EndGlobalSection
	GlobalSection(ExtensibilityGlobals) = postSolution
		SolutionGuid = {DBBE04BD-0220-45F2-9B5B-74153689710C}
	EndGlobalSection
EndGlobal
